
Microsoft Visual Studio Solution File, Format Version 12.00
# Visual Studio 2013
VisualStudioVersion = 12.0.31101.0
MinimumVisualStudioVersion = 10.0.40219.1
Project("{FAE04EC0-301F-11D3-BF4B-00C04F79EFBC}") = "PracticalTest", "PracticalTest\PracticalTest.csproj", "{CC5EBCA2-BCE1-41FF-A0A5-324D74DCE293}"
EndProject
Project("{FAE04EC0-301F-11D3-BF4B-00C04F79EFBC}") = "PracticalTest.Tests", "PracticalTest.Tests\PracticalTest.Tests.csproj", "{74970810-EFE4-4F52-AECC-6AC914CA31B2}"
EndProject
Project("{FAE04EC0-301F-11D3-BF4B-00C04F79EFBC}") = "PraticalTest.Data", "PraticalTest.Data\PraticalTest.Data.csproj", "{11DFA177-B279-47ED-804E-8ED3F7D2D413}"
EndProject
Project("{FAE04EC0-301F-11D3-BF4B-00C04F79EFBC}") = "PraticalTest.Domain", "PraticalTest.Domain\PraticalTest.Domain.csproj", "{FF15E3FD-8533-4B13-8A16-C46742ED103D}"
EndProject
Project("{FAE04EC0-301F-11D3-BF4B-00C04F79EFBC}") = "PraticalTest.Service", "Service\PraticalTest.Service.csproj", "{A84489B5-1AFD-47F9-8B1A-D863A2932A8F}"
EndProject
Global
	GlobalSection(SolutionConfigurationPlatforms) = preSolution
		Debug|Any CPU = Debug|Any CPU
		Release|Any CPU = Release|Any CPU
	EndGlobalSection
	GlobalSection(ProjectConfigurationPlatforms) = postSolution
		{CC5EBCA2-BCE1-41FF-A0A5-324D74DCE293}.Debug|Any CPU.ActiveCfg = Debug|Any CPU
		{CC5EBCA2-BCE1-41FF-A0A5-324D74DCE293}.Debug|Any CPU.Build.0 = Debug|Any CPU
		{CC5EBCA2-BCE1-41FF-A0A5-324D74DCE293}.Release|Any CPU.ActiveCfg = Release|Any CPU
		{CC5EBCA2-BCE1-41FF-A0A5-324D74DCE293}.Release|Any CPU.Build.0 = Release|Any CPU
		{74970810-EFE4-4F52-AECC-6AC914CA31B2}.Debug|Any CPU.ActiveCfg = Debug|Any CPU
		{74970810-EFE4-4F52-AECC-6AC914CA31B2}.Debug|Any CPU.Build.0 = Debug|Any CPU
		{74970810-EFE4-4F52-AECC-6AC914CA31B2}.Release|Any CPU.ActiveCfg = Release|Any CPU
		{74970810-EFE4-4F52-AECC-6AC914CA31B2}.Release|Any CPU.Build.0 = Release|Any CPU
		{11DFA177-B279-47ED-804E-8ED3F7D2D413}.Debug|Any CPU.ActiveCfg = Debug|Any CPU
		{11DFA177-B279-47ED-804E-8ED3F7D2D413}.Debug|Any CPU.Build.0 = Debug|Any CPU
		{11DFA177-B279-47ED-804E-8ED3F7D2D413}.Release|Any CPU.ActiveCfg = Release|Any CPU
		{11DFA177-B279-47ED-804E-8ED3F7D2D413}.Release|Any CPU.Build.0 = Release|Any CPU
		{FF15E3FD-8533-4B13-8A16-C46742ED103D}.Debug|Any CPU.ActiveCfg = Debug|Any CPU
		{FF15E3FD-8533-4B13-8A16-C46742ED103D}.Debug|Any CPU.Build.0 = Debug|Any CPU
		{FF15E3FD-8533-4B13-8A16-C46742ED103D}.Release|Any CPU.ActiveCfg = Release|Any CPU
		{FF15E3FD-8533-4B13-8A16-C46742ED103D}.Release|Any CPU.Build.0 = Release|Any CPU
		{A84489B5-1AFD-47F9-8B1A-D863A2932A8F}.Debug|Any CPU.ActiveCfg = Debug|Any CPU
		{A84489B5-1AFD-47F9-8B1A-D863A2932A8F}.Debug|Any CPU.Build.0 = Debug|Any CPU
		{A84489B5-1AFD-47F9-8B1A-D863A2932A8F}.Release|Any CPU.ActiveCfg = Release|Any CPU
		{A84489B5-1AFD-47F9-8B1A-D863A2932A8F}.Release|Any CPU.Build.0 = Release|Any CPU
	EndGlobalSection
	GlobalSection(SolutionProperties) = preSolution
		HideSolutionNode = FALSE
	EndGlobalSection
EndGlobal
